
Microsoft Visual Studio Solution File, Format Version 12.00
# Visual Studio Version 17
VisualStudioVersion = 17.8.34330.188
MinimumVisualStudioVersion = 10.0.40219.1
Project("{FAE04EC0-301F-11D3-BF4B-00C04F79EFBC}") = "POC.Strategy", "POC.Strategy.csproj", "{9C0274DF-F3E3-4800-8DE6-062D3714C9B2}"
EndProject
Global
	GlobalSection(SolutionConfigurationPlatforms) = preSolution
		Debug|Any CPU = Debug|Any CPU
		Release|Any CPU = Release|Any CPU
	EndGlobalSection
	GlobalSection(ProjectConfigurationPlatforms) = postSolution
		{9C0274DF-F3E3-4800-8DE6-062D3714C9B2}.Debug|Any CPU.ActiveCfg = Debug|Any CPU
		{9C0274DF-F3E3-4800-8DE6-062D3714C9B2}.Debug|Any CPU.Build.0 = Debug|Any CPU
		{9C0274DF-F3E3-4800-8DE6-062D3714C9B2}.Release|Any CPU.ActiveCfg = Release|Any CPU
		{9C0274DF-F3E3-4800-8DE6-062D3714C9B2}.Release|Any CPU.Build.0 = Release|Any CPU
	EndGlobalSection
	GlobalSection(SolutionProperties) = preSolution
		HideSolutionNode = FALSE
	EndGlobalSection
	GlobalSection(ExtensibilityGlobals) = postSolution
		SolutionGuid = {1B9CEDC4-CED9-4B87-9141-5CFCA8243927}
	EndGlobalSection
EndGlobal
